{
  "name": "@myparcel/shopware-plugin",
  "version": "2.3.0",
  "lockfileVersion": 3,
  "requires": true,
  "packages": {
    "": {
      "name": "@myparcel/shopware-plugin",
      "version": "2.3.0",
      "license": "MIT",
      "workspaces": [
        "src/Resources/app/**"
      ]
    },
    "node_modules/administration": {
      "resolved": "src/Resources/app/administration",
      "link": true
    },
    "node_modules/storefront": {
      "resolved": "src/Resources/app/storefront",
      "link": true
    },
    "src/Resources/app/administration": {
      "version": "1.0.0"
    },
    "src/Resources/app/storefront": {
      "version": "1.0.0",
      "license": "MIT"
    }
  }
}
