# THIS IS AN AUTOGENERATED FILE. DO NOT EDIT THIS FILE DIRECTLY.
# yarn lockfile v1


"administration@file:/home/mastermilo-staging-shop/htdocs/staging-shop.mastermilo.com/custom/plugins/shopware6-myparcel/src/Resources/app/administration":
  version "1.0.0"
  resolved "file:src/Resources/app/administration"

"storefront@file:/home/mastermilo-staging-shop/htdocs/staging-shop.mastermilo.com/custom/plugins/shopware6-myparcel/src/Resources/app/storefront":
  version "1.0.0"
  resolved "file:src/Resources/app/storefront"
